PODS:
  - AppCenter (1.8.0):
    - AppCenter/Analytics (= 1.8.0)
    - AppCenter/Crashes (= 1.8.0)
  - AppCenter/Analytics (1.8.0):
    - AppCenter/Core
  - AppCenter/Core (1.8.0)
  - AppCenter/Crashes (1.8.0):
    - AppCenter/Core
  - Firebase/Core (5.4.1):
    - Firebase/CoreOnly
    - FirebaseAnalytics (= 5.0.1)
  - Firebase/CoreOnly (5.4.1):
    - FirebaseCore (= 5.0.6)
  - FirebaseAnalytics (5.0.1):
    - FirebaseCore (~> 5.0)
    - FirebaseInstanceID (~> 3.0)
    - "GoogleToolboxForMac/NSData+zlib (~> 2.1)"
    - nanopb (~> 0.3)
  - FirebaseCore (5.0.6):
    - "GoogleToolboxForMac/NSData+zlib (~> 2.1)"
  - FirebaseInstanceID (3.1.1):
    - FirebaseCore (~> 5.0)
  - GoogleToolboxForMac/Defines (2.1.4)
  - "GoogleToolboxForMac/NSData+zlib (2.1.4)":
    - GoogleToolboxForMac/Defines (= 2.1.4)
  - Kingfisher (4.8.0)
  - Mapbox-iOS-SDK (4.2.0)
  - nanopb (0.3.8):
    - nanopb/decode (= 0.3.8)
    - nanopb/encode (= 0.3.8)
  - nanopb/decode (0.3.8)
  - nanopb/encode (0.3.8)
  - SQLite.swift (0.11.5):
    - SQLite.swift/standard (= 0.11.5)
  - SQLite.swift/standard (0.11.5)
  - ViewPager-Swift (1.2.1)

DEPENDENCIES:
  - AppCenter
  - Firebase/Core
  - Kingfisher (~> 4.0)
  - Mapbox-iOS-SDK (~> 4.2)
  - SQLite.swift
  - ViewPager-Swift

SPEC REPOS:
  https://github.com/cocoapods/specs.git:
    - AppCenter
    - Firebase
    - FirebaseAnalytics
    - FirebaseCore
    - FirebaseInstanceID
    - GoogleToolboxForMac
    - Kingfisher
    - Mapbox-iOS-SDK
    - nanopb
    - SQLite.swift
    - ViewPager-Swift

SPEC CHECKSUMS:
  AppCenter: 7e7b42e94b70294d1de3d747f164f0c1668a28e1
  Firebase: 355bd535bfdacaa82a7fe8d9784115edefd6fc03
  FirebaseAnalytics: b3628aea54c50464c32c393fb2ea032566e7ecc2
  FirebaseCore: 4c28e3b9708ba48a765e76515f913a71596eb5dd
  FirebaseInstanceID: f3f0657372592ecdfdfe2cac604a5a75758376a6
  GoogleToolboxForMac: 91c824d21e85b31c2aae9bb011c5027c9b4e738f
  Kingfisher: 976d828df2b24834c6a3f2fc4d82cdbd26552be1
  Mapbox-iOS-SDK: 706d52e3ad095e16944d9643f37d5a97627f6c19
  nanopb: 5601e6bca2dbf1ed831b519092ec110f66982ca3
  SQLite.swift: 6e5356850bb1791459f8c16d6ee9195b28714a2e
  ViewPager-Swift: 2ec693504b75e818fc86437499860b64f0331b22

PODFILE CHECKSUM: 12f2291bbf465ec0c561ea4c7f1f5da707bb1b57

COCOAPODS: 1.5.3
